
Microsoft Visual Studio Solution File, Format Version 12.00
# Visual Studio Version 18
VisualStudioVersion = 18.0.11018.127
MinimumVisualStudioVersion = 10.0.40219.1
Project("{FAE04EC0-301F-11D3-BF4B-00C04F79EFBC}") = "Tayvey.Tool.DependencyInjection", "Tayvey.Tool.DependencyInjection\Tayvey.Tool.DependencyInjection.csproj", "{493DBDCA-99AB-406C-B59C-978295E4D1C6}"
EndProject
Project("{2150E333-8FDC-42A3-9474-1A3956D46DE8}") = "解决方案项", "解决方案项", "{0164AB26-91C2-4BC3-8983-5E1C70348EB0}"
	ProjectSection(SolutionItems) = preProject
		.editorconfig = .editorconfig
		.gitignore = .gitignore
		Directory.Build.props = Directory.Build.props
		README.md = README.md
		LICENSE = LICENSE
	EndProjectSection
EndProject
Global
	GlobalSection(SolutionConfigurationPlatforms) = preSolution
		Debug|Any CPU = Debug|Any CPU
		Release|Any CPU = Release|Any CPU
	EndGlobalSection
	GlobalSection(ProjectConfigurationPlatforms) = postSolution
		{493DBDCA-99AB-406C-B59C-978295E4D1C6}.Debug|Any CPU.ActiveCfg = Debug|Any CPU
		{493DBDCA-99AB-406C-B59C-978295E4D1C6}.Debug|Any CPU.Build.0 = Debug|Any CPU
		{493DBDCA-99AB-406C-B59C-978295E4D1C6}.Release|Any CPU.ActiveCfg = Release|Any CPU
		{493DBDCA-99AB-406C-B59C-978295E4D1C6}.Release|Any CPU.Build.0 = Release|Any CPU
	EndGlobalSection
	GlobalSection(SolutionProperties) = preSolution
		HideSolutionNode = FALSE
	EndGlobalSection
	GlobalSection(ExtensibilityGlobals) = postSolution
		SolutionGuid = {AD4B0AB9-8A13-4EC8-B6AF-6D643602CD99}
	EndGlobalSection
EndGlobal
